
Microsoft Visual Studio Solution File, Format Version 12.00
# Visual Studio Version 17
VisualStudioVersion = 17.11.35208.52
MinimumVisualStudioVersion = 10.0.40219.1
Project("{FAE04EC0-301F-11D3-BF4B-00C04F79EFBC}") = "MemberCalendars", "MemberCalendars\MemberCalendars.csproj", "{13EA87B0-5751-4F02-91CD-CBD60FAEBBE4}"
EndProject
Global
	GlobalSection(SolutionConfigurationPlatforms) = preSolution
		Debug|Any CPU = Debug|Any CPU
		Release|Any CPU = Release|Any CPU
	EndGlobalSection
	GlobalSection(ProjectConfigurationPlatforms) = postSolution
		{13EA87B0-5751-4F02-91CD-CBD60FAEBBE4}.Debug|Any CPU.ActiveCfg = Debug|Any CPU
		{13EA87B0-5751-4F02-91CD-CBD60FAEBBE4}.Debug|Any CPU.Build.0 = Debug|Any CPU
		{13EA87B0-5751-4F02-91CD-CBD60FAEBBE4}.Release|Any CPU.ActiveCfg = Release|Any CPU
		{13EA87B0-5751-4F02-91CD-CBD60FAEBBE4}.Release|Any CPU.Build.0 = Release|Any CPU
	EndGlobalSection
	GlobalSection(SolutionProperties) = preSolution
		HideSolutionNode = FALSE
	EndGlobalSection
	GlobalSection(ExtensibilityGlobals) = postSolution
		SolutionGuid = {45768627-B99D-4B3C-8046-F64F5256C957}
	EndGlobalSection
EndGlobal
